{
  "version": "2",
  "remote": {
    "https://deno.land/std@0.138.0/_util/assert.ts": "e94f2eb37cebd7f199952e242c77654e43333c1ac4c5c700e929ea3aa5489f74",
    "https://deno.land/std@0.138.0/bytes/bytes_list.ts": "67eb118e0b7891d2f389dad4add35856f4ad5faab46318ff99653456c23b025d",
    "https://deno.land/std@0.138.0/bytes/equals.ts": "fc16dff2090cced02497f16483de123dfa91e591029f985029193dfaa9d894c9",
    "https://deno.land/std@0.138.0/bytes/mod.ts": "763f97d33051cc3f28af1a688dfe2830841192a9fea0cbaa55f927b49d49d0bf",
    "https://deno.land/std@0.138.0/fmt/colors.ts": "30455035d6d728394781c10755351742dd731e3db6771b1843f9b9e490104d37",
    "https://deno.land/std@0.138.0/io/buffer.ts": "bd0c4bf53db4b4be916ca5963e454bddfd3fcd45039041ea161dbf826817822b",
    "https://deno.land/std@0.138.0/io/files.ts": "d199ef64e918a256320ba8d8d44ae91de87c9077df8f8d6cca013f1b9fbbe285",
    "https://deno.land/std@0.138.0/io/mod.ts": "8e5b5faf516e4a49d2b13a7f53178b15e6961011788530ba0c0cf0f559d3464c",
    "https://deno.land/std@0.138.0/io/readers.ts": "15062a8863e6df8503ac6629924d04c5e65cf3da15997470525e705831a810c8",
    "https://deno.land/std@0.138.0/io/streams.ts": "988a19155b52161f0035ce539e2f1d12edbc4c389fa7633da832a64e6edbe1a0",
    "https://deno.land/std@0.138.0/io/types.d.ts": "01f60ae7ec02675b5dbed150d258fc184a78dfe5c209ef53ba4422b46b58822c",
    "https://deno.land/std@0.138.0/io/util.ts": "078da53bba767bec0d45f7da44411f6dbf269e51ef7fcfea5e3714e04681c674",
    "https://deno.land/std@0.138.0/io/writers.ts": "5db9995d2afc7ed391c88c6b441457df6fad6a0b09653e54c1dcd0387ab947fd",
    "https://deno.land/std@0.138.0/streams/conversion.ts": "712585bfa0172a97fb68dd46e784ae8ad59d11b88079d6a4ab098ff42e697d21",
    "https://deno.land/std@0.138.0/testing/_diff.ts": "029a00560b0d534bc0046f1bce4bd36b3b41ada3f2a3178c85686eb2ff5f1413",
    "https://deno.land/std@0.138.0/testing/_format.ts": "0d8dc79eab15b67cdc532826213bbe05bccfd276ca473a50a3fc7bbfb7260642",
    "https://deno.land/std@0.138.0/testing/asserts.ts": "dc7ab67b635063989b4aec8620dbcc6fa7c2465f2d9c856bddf8c0e7b45b4481",
    "https://deno.land/std@0.167.0/_util/asserts.ts": "d0844e9b62510f89ce1f9878b046f6a57bf88f208a10304aab50efcb48365272",
    "https://deno.land/std@0.167.0/async/abortable.ts": "80b2ac399f142cc528f95a037a7d0e653296352d95c681e284533765961de409",
    "https://deno.land/std@0.167.0/async/deadline.ts": "2c2deb53c7c28ca1dda7a3ad81e70508b1ebc25db52559de6b8636c9278fd41f",
    "https://deno.land/std@0.167.0/async/debounce.ts": "60301ffb37e730cd2d6f9dadfd0ecb2a38857681bd7aaf6b0a106b06e5210a98",
    "https://deno.land/std@0.167.0/async/deferred.ts": "77d3f84255c3627f1cc88699d8472b664d7635990d5358c4351623e098e917d6",
    "https://deno.land/std@0.167.0/async/delay.ts": "5a9bfba8de38840308a7a33786a0155a7f6c1f7a859558ddcec5fe06e16daf57",
    "https://deno.land/std@0.167.0/async/mod.ts": "7809ad4bb223e40f5fdc043e5c7ca04e0e25eed35c32c3c32e28697c553fa6d9",
    "https://deno.land/std@0.167.0/async/mux_async_iterator.ts": "770a0ff26c59f8bbbda6b703a2235f04e379f73238e8d66a087edc68c2a2c35f",
    "https://deno.land/std@0.167.0/async/pool.ts": "6854d8cd675a74c73391c82005cbbe4cc58183bddcd1fbbd7c2bcda42b61cf69",
    "https://deno.land/std@0.167.0/async/retry.ts": "e8e5173623915bbc0ddc537698fa418cf875456c347eda1ed453528645b42e67",
    "https://deno.land/std@0.167.0/async/tee.ts": "3a47cc4e9a940904fd4341f0224907e199121c80b831faa5ec2b054c6d2eff5e",
    "https://deno.land/std@0.167.0/bytes/bytes_list.ts": "aba5e2369e77d426b10af1de0dcc4531acecec27f9b9056f4f7bfbf8ac147ab4",
    "https://deno.land/std@0.167.0/bytes/concat.ts": "97a1274e117510ffffc9499c4debb9541e408732bab2e0ca624869ae13103c10",
    "https://deno.land/std@0.167.0/bytes/copy.ts": "d14a58f188a997ee0d2ba696d0c82a42f4fb4b6705e90a4238b77d7644dae24c",
    "https://deno.land/std@0.167.0/flags/mod.ts": "4f50ec6383c02684db35de38b3ffb2cd5b9fcfcc0b1147055d1980c49e82521c",
    "https://deno.land/std@0.167.0/io/buffer.ts": "9d6f555ded12960bd5a44f57291a82270cca0a77bde6cadd1384a03a86bf876a",
    "https://deno.land/std@0.167.0/io/types.d.ts": "790d3a3fa6b7f298d4cfbcf8bfd9d4be595c1b1acaa3eebb3009177df98bf93c",
    "https://deno.land/std@0.167.0/streams/_common.ts": "a931bdab61de705bbfeda25d7bcf8e6edbba37492f90737b3c2889604313df46",
    "https://deno.land/std@0.167.0/streams/conversion.ts": "2d2127a08be7ba28ef26c6ff1b2fec442109e5aac09c79cbe36fb0883d51645f",
    "https://deno.land/std@0.167.0/streams/copy.ts": "9a972a4befee3306095e9bb058a5a4d73b681df6ca088d7209f9a0736271aadc",
    "https://deno.land/std@0.167.0/streams/iterate_reader.ts": "26adde791b4206a8abbbd6365a8845b88aef396c1fd642066ec8e8480675e6a1",
    "https://deno.land/std@0.167.0/streams/read_all.ts": "52c733b63ca52af7d78326228529d7d629d5b3bb7c34c0a0261b5a6ecc209e73",
    "https://deno.land/std@0.167.0/streams/readable_stream_from_iterable.ts": "eaa03bf3b7fbffa665d3d9c30435dcce3437c67559f97eaccc58995d3efcf8cd",
    "https://deno.land/std@0.167.0/streams/readable_stream_from_reader.ts": "fa1e01839d214826a1547f108f2858d9f97b267ccf2523bf08c6db3e07ae3124",
    "https://deno.land/std@0.167.0/streams/reader_from_iterable.ts": "91ebe9cfed2422b7193e222e3479d31f7906171df4f94e0d8df35877b9d15e69",
    "https://deno.land/std@0.167.0/streams/reader_from_stream_reader.ts": "88043a2b2932443e1b5133264283ded6872bec0604d4e69235ebf73e5e9ddde3",
    "https://deno.land/std@0.167.0/streams/to_transform_stream.ts": "f3fea34e2d338d9022079d2e756a834b4c233758ad2bcdb43ace326b06c8d36c",
    "https://deno.land/std@0.167.0/streams/writable_stream_from_writer.ts": "ae8daf9f524c449485235900746d195c4d845bb452aed679e67288a9b6848f3b",
    "https://deno.land/std@0.167.0/streams/write_all.ts": "7525aa90e34a2bb56d094403ad9c0e31e7db87a47cb556e6dc0404e6deca084c",
    "https://deno.land/std@0.167.0/streams/writer_from_stream_writer.ts": "eee7964dc30acc74a02fc52f98f3a4fd46d1382d7897859b21eeebbd0a754ec6",
    "https://deno.land/std@0.167.0/uuid/_common.ts": "b608b98503c701d96ddf6983a40fa424952e1ea6d4b13bf13ebe29530742cee4",
    "https://deno.land/std@0.167.0/uuid/mod.ts": "e57ba10200d75f2b17570f13eba19faa6734b1be2da5091e2c01039df41274a5",
    "https://deno.land/std@0.167.0/uuid/v1.ts": "7123410ef9ce980a4f2e54a586ccde5ed7063f6f119a70d86eebd92f8e100295",
    "https://deno.land/std@0.167.0/uuid/v4.ts": "60c829ec64291b920f1ff5f391fce8d05a42f74f58d5949e12bc0b3af88c7f5d",
    "https://deno.land/std@0.167.0/uuid/v5.ts": "fa79d1495ec5bbbf6c3f3f6073d9ab3eecb0683371d936299ec9c3d1df2caac7",
    "https://deno.land/std@0.94.0/node/tty.ts": "9fa7f7b461759774b4eeab00334ac5d25b69bf0de003c02814be01e65150da79",
    "https://deno.land/std@v0.55.0/encoding/utf8.ts": "8654fa820aa69a37ec5eb11908e20b39d056c9bf1c23ab294303ff467f3d50a1",
    "https://deno.land/x/ansi@1.0.1/clear.ts": "444d83749bd171a38e77a7a7d5d270bbf84fbb0ea21f0a62e60c931a11f2bfc1",
    "https://deno.land/x/ansi@1.0.1/constants.ts": "aa51274a1402e017e043f544542e895880eadd67cca3e424884ed228813144bb",
    "https://deno.land/x/ansi@1.0.1/cursor.ts": "cbba999f0f87865401490541e1bf098573491d1c6be411852eaed58f4e39716a",
    "https://deno.land/x/ansi@1.0.1/erase.ts": "50fc48023cf65e7a3ac8305be535955133b6d9d44184d8b9f3dfa5251113716c",
    "https://deno.land/x/ansi@1.0.1/link.ts": "9dff91f666747f09f9c7a58f7d02781142483003bab6fe44612e2081f93dd2ac",
    "https://deno.land/x/ansi@1.0.1/mod.ts": "10a10101feb7da0e565214f725a3d8e79b3e4a2d8cb22cdeaba1a21a53889945",
    "https://deno.land/x/ansi@1.0.1/scroll.ts": "071a30cbd84b66de2eb24752ef97ceff475a2fc22aa2f6283baaa904208bda69",
    "https://deno.land/x/chalk_deno@v4.1.1-deno/index.d.ts": "6ed1671d9b6610669fc46c4f430d11f3e1b1d12965943388bcdb0e4fa0c87ce8",
    "https://deno.land/x/chalk_deno@v4.1.1-deno/source/ansi-styles/index.js": "7cc96ab93d1c9cfc0746e9dffb40be872e42ee242906f48e68df0d2c9669f737",
    "https://deno.land/x/chalk_deno@v4.1.1-deno/source/has-flag/index.js": "aed21e4eba656057e7b8c6024305f5354d2ebee2adc857a1d8cd5207923de7e5",
    "https://deno.land/x/chalk_deno@v4.1.1-deno/source/index.js": "6339123f32f7eb4b17c5c9c926ecdf3dbc353fd4fda7811ad2d3c1d4b98a7420",
    "https://deno.land/x/chalk_deno@v4.1.1-deno/source/supports-color/index.js": "4d7f2d216b6ac9013d9ec7e004de21f5a7d00bf2be4075bab2d82638d0d41a86",
    "https://deno.land/x/chalk_deno@v4.1.1-deno/source/templates.js": "f2e12be18cb84710e341e5499528280278052909fa74a12cefc9e2cc26a597ac",
    "https://deno.land/x/chalk_deno@v4.1.1-deno/source/util.js": "cd08297ec411dcee91826ad01a00d3427235d4548ba605a59e64f0da83af8306",
    "https://deno.land/x/exec@0.0.5/mod.ts": "2a71f7e23e25be883275b22d872bbd2c3dfa3058934f1f156c8663fb81f5894f",
    "https://deno.land/x/input@2.0.3/history.ts": "3cad3fee1e2f86d4202ca6ab49f1a5609aff2323ff762cc637e1da3edbef9608",
    "https://deno.land/x/input@2.0.3/index.ts": "f9539661733886f9497873a640a79be4f996ea2d40408b68e74691353f5a5539",
    "https://deno.land/x/input@2.0.3/printer.ts": "60339de0f3d98ca9ad2cb4e3b047d0b680e27ed7ceb987d82d96fc00f7ab04d1",
    "https://deno.land/x/input@2.0.3/types.ts": "915079a7187073c9c9c99863ab4e4a4c7341e25bf5d4a2e02c33f8b896dd0c69",
    "https://deno.land/x/inquirer@v0.0.4/deps.ts": "32cf3986c91fca6b82712e516661fc6b151e380161a3b7a2cea4ddb3ec3624ad",
    "https://deno.land/x/inquirer@v0.0.4/lib/confirm.ts": "c10e989e29b0af3e840b6b6361310a6db78fe8f200a8ed54fa01e815b2419fe2",
    "https://deno.land/x/inquirer@v0.0.4/lib/input.ts": "a4d8967e99867cfb8ee6582b95a073a29b0691340f8725d29f2f4ed05687cf24",
    "https://deno.land/x/inquirer@v0.0.4/lib/progress.ts": "4e9998cd07eedbda6fa74d47b0899471cf56ff609f2f0b6c4a81aab992ecbcff",
    "https://deno.land/x/inquirer@v0.0.4/lib/select.ts": "ccbe65d3f78ad8fdf489f9cb94d67cbe6401120f54488ac0451e44bc433b9b77",
    "https://deno.land/x/inquirer@v0.0.4/lib/utils/async.ts": "f37a6a9ac7d4e497e49d96973aebc3a63c5f492e982c51d23fa0b0d61352af0b",
    "https://deno.land/x/inquirer@v0.0.4/lib/utils/io.ts": "684a9168b5908b9048271b9a076e06e3e11b543bbc464d9b5911ef3cee3d655e",
    "https://deno.land/x/inquirer@v0.0.4/mod.ts": "955e719e6288c5ba2a9fa5f0b7b9af7e87e60d10f5b08a0c6e4dbf08bccec00a",
    "https://deno.land/x/keypress@0.0.4/dep.ts": "f226aeb10b840687f7c74dfe2b44d89897ead447102f152303f657b65b276ab9",
    "https://deno.land/x/keypress@0.0.4/mod.ts": "1130570c2397118a3a301b1137400a8e55486716cc3557b3bd5e9947b6b9c035",
    "https://deno.land/x/nanocolors@0.1.12/mod.ts": "db1298aca23575ef10b3b2ea837b3b1f2453928b1ec662be57ab0411420f01ee"
  }
}
